// !$*UTF8*$!
{
	archiveVersion = 1;
	classes = {
	};
	objectVersion = 48;
	objects = {

/* Begin PBXBuildFile section */
		523E6161204E2D5400930BDE /* ProfileViewController.swift in Sources */ = {isa = PBXBuildFile; fileRef = 523E6160204E2D5400930BDE /* ProfileViewController.swift */; };
		529D17FB20477B6400BD093F /* AppDelegate.swift in Sources */ = {isa = PBXBuildFile; fileRef = 529D17FA20477B6400BD093F /* AppDelegate.swift */; };
		529D17FD20477B6400BD093F /* ViewController.swift in Sources */ = {isa = PBXBuildFile; fileRef = 529D17FC20477B6400BD093F /* ViewController.swift */; };
		529D180020477B6400BD093F /* Main.storyboard in Resources */ = {isa = PBXBuildFile; fileRef = 529D17FE20477B6400BD093F /* Main.storyboard */; };
		529D180220477B6400BD093F /* Assets.xcassets in Resources */ = {isa = PBXBuildFile; fileRef = 529D180120477B6400BD093F /* Assets.xcassets */; };
		529D180520477B6400BD093F /* LaunchScreen.storyboard in Resources */ = {isa = PBXBuildFile; fileRef = 529D180320477B6400BD093F /* LaunchScreen.storyboard */; };
		529D181020477B6500BD093F /* selfigramTests.swift in Sources */ = {isa = PBXBuildFile; fileRef = 529D180F20477B6500BD093F /* selfigramTests.swift */; };
		529D181B20477B6500BD093F /* selfigramUITests.swift in Sources */ = {isa = PBXBuildFile; fileRef = 529D181A20477B6500BD093F /* selfigramUITests.swift */; };
		529D18292047913400BD093F /* MainTabBarController.swift in Sources */ = {isa = PBXBuildFile; fileRef = 529D18282047913400BD093F /* MainTabBarController.swift */; };
/* End PBXBuildFile section */

/* Begin PBXContainerItemProxy section */
		529D180C20477B6500BD093F /* PBXContainerItemProxy */ = {
			isa = PBXContainerItemProxy;
			containerPortal = 529D17EF20477B6400BD093F /* Project object */;
			proxyType = 1;
			remoteGlobalIDString = 529D17F620477B6400BD093F;
			remoteInfo = selfigram;
		};
		529D181720477B6500BD093F /* PBXContainerItemProxy */ = {
			isa = PBXContainerItemProxy;
			containerPortal = 529D17EF20477B6400BD093F /* Project object */;
			proxyType = 1;
			remoteGlobalIDString = 529D17F620477B6400BD093F;
			remoteInfo = selfigram;
		};
/* End PBXContainerItemProxy section */

/* Begin PBXFileReference section */
		523E6160204E2D5400930BDE /* ProfileViewController.swift */ = {isa = PBXFileReference; lastKnownFileType = sourcecode.swift; path = ProfileViewController.swift; sourceTree = "<group>"; };
		529D17F720477B6400BD093F /* selfigram.app */ = {isa = PBXFileReference; explicitFileType = wrapper.application; includeInIndex = 0; path = selfigram.app; sourceTree = BUILT_PRODUCTS_DIR; };
		529D17FA20477B6400BD093F /* AppDelegate.swift */ = {isa = PBXFileReference; lastKnownFileType = sourcecode.swift; path = AppDelegate.swift; sourceTree = "<group>"; };
		529D17FC20477B6400BD093F /* ViewController.swift */ = {isa = PBXFileReference; lastKnownFileType = sourcecode.swift; path = ViewController.swift; sourceTree = "<group>"; };
		529D17FF20477B6400BD093F /* Base */ = {isa = PBXFileReference; lastKnownFileType = file.storyboard; name = Base; path = Base.lproj/Main.storyboard; sourceTree = "<group>"; };
		529D180120477B6400BD093F /* Assets.xcassets */ = {isa = PBXFileReference; lastKnownFileType = folder.assetcatalog; path = Assets.xcassets; sourceTree = "<group>"; };
		529D180420477B6400BD093F /* Base */ = {isa = PBXFileReference; lastKnownFileType = file.storyboard; name = Base; path = Base.lproj/LaunchScreen.storyboard; sourceTree = "<group>"; };
		529D180620477B6400BD093F /* Info.plist */ = {isa = PBXFileReference; lastKnownFileType = text.plist.xml; path = Info.plist; sourceTree = "<group>"; };
		529D180B20477B6500BD093F /* selfigramTests.xctest */ = {isa = PBXFileReference; explicitFileType = wrapper.cfbundle; includeInIndex = 0; path = selfigramTests.xctest; sourceTree = BUILT_PRODUCTS_DIR; };
		529D180F20477B6500BD093F /* selfigramTests.swift */ = {isa = PBXFileReference; lastKnownFileType = sourcecode.swift; path = selfigramTests.swift; sourceTree = "<group>"; };
		529D181120477B6500BD093F /* Info.plist */ = {isa = PBXFileReference; lastKnownFileType = text.plist.xml; path = Info.plist; sourceTree = "<group>"; };
		529D181620477B6500BD093F /* selfigramUITests.xctest */ = {isa = PBXFileReference; explicitFileType = wrapper.cfbundle; includeInIndex = 0; path = selfigramUITests.xctest; sourceTree = BUILT_PRODUCTS_DIR; };
		529D181A20477B6500BD093F /* selfigramUITests.swift */ = {isa = PBXFileReference; lastKnownFileType = sourcecode.swift; path = selfigramUITests.swift; sourceTree = "<group>"; };
		529D181C20477B6500BD093F /* Info.plist */ = {isa = PBXFileReference; lastKnownFileType = text.plist.xml; path = Info.plist; sourceTree = "<group>"; };
		529D18282047913400BD093F /* MainTabBarController.swift */ = {isa = PBXFileReference; lastKnownFileType = sourcecode.swift; path = MainTabBarController.swift; sourceTree = "<group>"; };
/* End PBXFileReference section */

/* Begin PBXFrameworksBuildPhase section */
		529D17F420477B6400BD093F /* Frameworks */ = {
			isa = PBXFrameworksBuildPhase;
			buildActionMask = 2147483647;
			files = (
			);
			runOnlyForDeploymentPostprocessing = 0;
		};
		529D180820477B6500BD093F /* Frameworks */ = {
			isa = PBXFrameworksBuildPhase;
			buildActionMask = 2147483647;
			files = (
			);
			runOnlyForDeploymentPostprocessing = 0;
		};
		529D181320477B6500BD093F /* Frameworks */ = {
			isa = PBXFrameworksBuildPhase;
			buildActionMask = 2147483647;
			files = (
			);
			runOnlyForDeploymentPostprocessing = 0;
		};
/* End PBXFrameworksBuildPhase section */

/* Begin PBXGroup section */
		529D17EE20477B6400BD093F = {
			isa = PBXGroup;
			children = (
				529D17F920477B6400BD093F /* selfigram */,
				529D180E20477B6500BD093F /* selfigramTests */,
				529D181920477B6500BD093F /* selfigramUITests */,
				529D17F820477B6400BD093F /* Products */,
			);
			sourceTree = "<group>";
		};
		529D17F820477B6400BD093F /* Products */ = {
			isa = PBXGroup;
			children = (
				529D17F720477B6400BD093F /* selfigram.app */,
				529D180B20477B6500BD093F /* selfigramTests.xctest */,
				529D181620477B6500BD093F /* selfigramUITests.xctest */,
			);
			name = Products;
			sourceTree = "<group>";
		};
		529D17F920477B6400BD093F /* selfigram */ = {
			isa = PBXGroup;
			children = (
				529D17FA20477B6400BD093F /* AppDelegate.swift */,
				529D17FC20477B6400BD093F /* ViewController.swift */,
				529D17FE20477B6400BD093F /* Main.storyboard */,
				523E6160204E2D5400930BDE /* ProfileViewController.swift */,
				529D180120477B6400BD093F /* Assets.xcassets */,
				529D180320477B6400BD093F /* LaunchScreen.storyboard */,
				529D180620477B6400BD093F /* Info.plist */,
				529D18282047913400BD093F /* MainTabBarController.swift */,
			);
			path = selfigram;
			sourceTree = "<group>";
		};
		529D180E20477B6500BD093F /* selfigramTests */ = {
			isa = PBXGroup;
			children = (
				529D180F20477B6500BD093F /* selfigramTests.swift */,
				529D181120477B6500BD093F /* Info.plist */,
			);
			path = selfigramTests;
			sourceTree = "<group>";
		};
		529D181920477B6500BD093F /* selfigramUITests */ = {
			isa = PBXGroup;
			children = (
				529D181A20477B6500BD093F /* selfigramUITests.swift */,
				529D181C20477B6500BD093F /* Info.plist */,
			);
			path = selfigramUITests;
			sourceTree = "<group>";
		};
/* End PBXGroup section */

/* Begin PBXNativeTarget section */
		529D17F620477B6400BD093F /* selfigram */ = {
			isa = PBXNativeTarget;
			buildConfigurationList = 529D181F20477B6500BD093F /* Build configuration list for PBXNativeTarget "selfigram" */;
			buildPhases = (
				529D17F320477B6400BD093F /* Sources */,
				529D17F420477B6400BD093F /* Frameworks */,
				529D17F520477B6400BD093F /* Resources */,
			);
			buildRules = (
			);
			dependencies = (
			);
			name = selfigram;
			productName = selfigram;
			productReference = 529D17F720477B6400BD093F /* selfigram.app */;
			productType = "com.apple.product-type.application";
		};
		529D180A20477B6500BD093F /* selfigramTests */ = {
			isa = PBXNativeTarget;
			buildConfigurationList = 529D182220477B6500BD093F /* Build configuration list for PBXNativeTarget "selfigramTests" */;
			buildPhases = (
				529D180720477B6500BD093F /* Sources */,
				529D180820477B6500BD093F /* Frameworks */,
				529D180920477B6500BD093F /* Resources */,
			);
			buildRules = (
			);
			dependencies = (
				529D180D20477B6500BD093F /* PBXTargetDependency */,
			);
			name = selfigramTests;
			productName = selfigramTests;
			productReference = 529D180B20477B6500BD093F /* selfigramTests.xctest */;
			productType = "com.apple.product-type.bundle.unit-test";
		};
		529D181520477B6500BD093F /* selfigramUITests */ = {
			isa = PBXNativeTarget;
			buildConfigurationList = 529D182520477B6500BD093F /* Build configuration list for PBXNativeTarget "selfigramUITests" */;
			buildPhases = (
				529D181220477B6500BD093F /* Sources */,
				529D181320477B6500BD093F /* Frameworks */,
				529D181420477B6500BD093F /* Resources */,
			);
			buildRules = (
			);
			dependencies = (
				529D181820477B6500BD093F /* PBXTargetDependency */,
			);
			name = selfigramUITests;
			productName = selfigramUITests;
			productReference = 529D181620477B6500BD093F /* selfigramUITests.xctest */;
			productType = "com.apple.product-type.bundle.ui-testing";
		};
/* End PBXNativeTarget section */

/* Begin PBXProject section */
		529D17EF20477B6400BD093F /* Project object */ = {
			isa = PBXProject;
			attributes = {
				LastSwiftUpdateCheck = 0920;
				LastUpgradeCheck = 0920;
				ORGANIZATIONNAME = Luke;
				TargetAttributes = {
					529D17F620477B6400BD093F = {
						CreatedOnToolsVersion = 9.2;
						ProvisioningStyle = Automatic;
					};
					529D180A20477B6500BD093F = {
						CreatedOnToolsVersion = 9.2;
						ProvisioningStyle = Automatic;
						TestTargetID = 529D17F620477B6400BD093F;
					};
					529D181520477B6500BD093F = {
						CreatedOnToolsVersion = 9.2;
						ProvisioningStyle = Automatic;
						TestTargetID = 529D17F620477B6400BD093F;
					};
				};
			};
			buildConfigurationList = 529D17F220477B6400BD093F /* Build configuration list for PBXProject "selfigram" */;
			compatibilityVersion = "Xcode 8.0";
			developmentRegion = en;
			hasScannedForEncodings = 0;
			knownRegions = (
				en,
				Base,
			);
			mainGroup = 529D17EE20477B6400BD093F;
			productRefGroup = 529D17F820477B6400BD093F /* Products */;
			projectDirPath = "";
			projectRoot = "";
			targets = (
				529D17F620477B6400BD093F /* selfigram */,
				529D180A20477B6500BD093F /* selfigramTests */,
				529D181520477B6500BD093F /* selfigramUITests */,
			);
		};
/* End PBXProject section */

/* Begin PBXResourcesBuildPhase section */
		529D17F520477B6400BD093F /* Resources */ = {
			isa = PBXResourcesBuildPhase;
			buildActionMask = 2147483647;
			files = (
				529D180520477B6400BD093F /* LaunchScreen.storyboard in Resources */,
				529D180220477B6400BD093F /* Assets.xcassets in Resources */,
				529D180020477B6400BD093F /* Main.storyboard in Resources */,
			);
			runOnlyForDeploymentPostprocessing = 0;
		};
		529D180920477B6500BD093F /* Resources */ = {
			isa = PBXResourcesBuildPhase;
			buildActionMask = 2147483647;
			files = (
			);
			runOnlyForDeploymentPostprocessing = 0;
		};
		529D181420477B6500BD093F /* Resources */ = {
			isa = PBXResourcesBuildPhase;
			buildActionMask = 2147483647;
			files = (
			);
			runOnlyForDeploymentPostprocessing = 0;
		};
/* End PBXResourcesBuildPhase section */

/* Begin PBXSourcesBuildPhase section */
		529D17F320477B6400BD093F /* Sources */ = {
			isa = PBXSourcesBuildPhase;
			buildActionMask = 2147483647;
			files = (
				529D17FD20477B6400BD093F /* ViewController.swift in Sources */,
				529D17FB20477B6400BD093F /* AppDelegate.swift in Sources */,
				523E6161204E2D5400930BDE /* ProfileViewController.swift in Sources */,
				529D18292047913400BD093F /* MainTabBarController.swift in Sources */,
			);
			runOnlyForDeploymentPostprocessing = 0;
		};
		529D180720477B6500BD093F /* Sources */ = {
			isa = PBXSourcesBuildPhase;
			buildActionMask = 2147483647;
			files = (
				529D181020477B6500BD093F /* selfigramTests.swift in Sources */,
			);
			runOnlyForDeploymentPostprocessing = 0;
		};
		529D181220477B6500BD093F /* Sources */ = {
			isa = PBXSourcesBuildPhase;
			buildActionMask = 2147483647;
			files = (
				529D181B20477B6500BD093F /* selfigramUITests.swift in Sources */,
			);
			runOnlyForDeploymentPostprocessing = 0;
		};
/* End PBXSourcesBuildPhase section */

/* Begin PBXTargetDependency section */
		529D180D20477B6500BD093F /* PBXTargetDependency */ = {
			isa = PBXTargetDependency;
			target = 529D17F620477B6400BD093F /* selfigram */;
			targetProxy = 529D180C20477B6500BD093F /* PBXContainerItemProxy */;
		};
		529D181820477B6500BD093F /* PBXTargetDependency */ = {
			isa = PBXTargetDependency;
			target = 529D17F620477B6400BD093F /* selfigram */;
			targetProxy = 529D181720477B6500BD093F /* PBXContainerItemProxy */;
		};
/* End PBXTargetDependency section */

/* Begin PBXVariantGroup section */
		529D17FE20477B6400BD093F /* Main.storyboard */ = {
			isa = PBXVariantGroup;
			children = (
				529D17FF20477B6400BD093F /* Base */,
			);
			name = Main.storyboard;
			sourceTree = "<group>";
		};
		529D180320477B6400BD093F /* LaunchScreen.storyboard */ = {
			isa = PBXVariantGroup;
			children = (
				529D180420477B6400BD093F /* Base */,
			);
			name = LaunchScreen.storyboard;
			sourceTree = "<group>";
		};
/* End PBXVariantGroup section */

/* Begin XCBuildConfiguration section */
		529D181D20477B6500BD093F /* Debug */ = {
			isa = XCBuildConfiguration;
			buildSettings = {
				ALWAYS_SEARCH_USER_PATHS = NO;
				CLANG_ANALYZER_NONNULL = YES;
				CLANG_ANALYZER_NUMBER_OBJECT_CONVERSION = YES_AGGRESSIVE;
				CLANG_CXX_LANGUAGE_STANDARD = "gnu++14";
				CLANG_CXX_LIBRARY = "libc++";
				CLANG_ENABLE_MODULES = YES;
				CLANG_ENABLE_OBJC_ARC = YES;
				CLANG_WARN_BLOCK_CAPTURE_AUTORELEASING = YES;
				CLANG_WARN_BOOL_CONVERSION = YES;
				CLANG_WARN_COMMA = YES;
				CLANG_WARN_CONSTANT_CONVERSION = YES;
				CLANG_WARN_DIRECT_OBJC_ISA_USAGE = YES_ERROR;
				CLANG_WARN_DOCUMENTATION_COMMENTS = YES;
				CLANG_WARN_EMPTY_BODY = YES;
				CLANG_WARN_ENUM_CONVERSION = YES;
				CLANG_WARN_INFINITE_RECURSION = YES;
				CLANG_WARN_INT_CONVERSION = YES;
				CLANG_WARN_NON_LITERAL_NULL_CONVERSION = YES;
				CLANG_WARN_OBJC_LITERAL_CONVERSION = YES;
				CLANG_WARN_OBJC_ROOT_CLASS = YES_ERROR;
				CLANG_WARN_RANGE_LOOP_ANALYSIS = YES;
				CLANG_WARN_STRICT_PROTOTYPES = YES;
				CLANG_WARN_SUSPICIOUS_MOVE = YES;
				CLANG_WARN_UNGUARDED_AVAILABILITY = YES_AGGRESSIVE;
				CLANG_WARN_UNREACHABLE_CODE = YES;
				CLANG_WARN__DUPLICATE_METHOD_MATCH = YES;
				CODE_SIGN_IDENTITY = "iPhone Developer";
				COPY_PHASE_STRIP = NO;
				DEBUG_INFORMATION_FORMAT = dwarf;
				ENABLE_STRICT_OBJC_MSGSEND = YES;
				ENABLE_TESTABILITY = YES;
				GCC_C_LANGUAGE_STANDARD = gnu11;
				GCC_DYNAMIC_NO_PIC = NO;
				GCC_NO_COMMON_BLOCKS = YES;
				GCC_OPTIMIZATION_LEVEL = 0;
				GCC_PREPROCESSOR_DEFINITIONS = (
					"DEBUG=1",
					"$(inherited)",
				);
				GCC_WARN_64_TO_32_BIT_CONVERSION = YES;
				GCC_WARN_ABOUT_RETURN_TYPE = YES_ERROR;
				GCC_WARN_UNDECLARED_SELECTOR = YES;
				GCC_WARN_UNINITIALIZED_AUTOS = YES_AGGRESSIVE;
				GCC_WARN_UNUSED_FUNCTION = YES;
				GCC_WARN_UNUSED_VARIABLE = YES;
				IPHONEOS_DEPLOYMENT_TARGET = 11.2;
				MTL_ENABLE_DEBUG_INFO = YES;
				ONLY_ACTIVE_ARCH = YES;
				SDKROOT = iphoneos;
				SWIFT_ACTIVE_COMPILATION_CONDITIONS = DEBUG;
				SWIFT_OPTIMIZATION_LEVEL = "-Onone";
			};
			name = Debug;
		};
		529D181E20477B6500BD093F /* Release */ = {
			isa = XCBuildConfiguration;
			buildSettings = {
				ALWAYS_SEARCH_USER_PATHS = NO;
				CLANG_ANALYZER_NONNULL = YES;
				CLANG_ANALYZER_NUMBER_OBJECT_CONVERSION = YES_AGGRESSIVE;
				CLANG_CXX_LANGUAGE_STANDARD = "gnu++14";
				CLANG_CXX_LIBRARY = "libc++";
				CLANG_ENABLE_MODULES = YES;
				CLANG_ENABLE_OBJC_ARC = YES;
				CLANG_WARN_BLOCK_CAPTURE_AUTORELEASING = YES;
				CLANG_WARN_BOOL_CONVERSION = YES;
				CLANG_WARN_COMMA = YES;
				CLANG_WARN_CONSTANT_CONVERSION = YES;
				CLANG_WARN_DIRECT_OBJC_ISA_USAGE = YES_ERROR;
				CLANG_WARN_DOCUMENTATION_COMMENTS = YES;
				CLANG_WARN_EMPTY_BODY = YES;
				CLANG_WARN_ENUM_CONVERSION = YES;
				CLANG_WARN_INFINITE_RECURSION = YES;
				CLANG_WARN_INT_CONVERSION = YES;
				CLANG_WARN_NON_LITERAL_NULL_CONVERSION = YES;
				CLANG_WARN_OBJC_LITERAL_CONVERSION = YES;
				CLANG_WARN_OBJC_ROOT_CLASS = YES_ERROR;
				CLANG_WARN_RANGE_LOOP_ANALYSIS = YES;
				CLANG_WARN_STRICT_PROTOTYPES = YES;
				CLANG_WARN_SUSPICIOUS_MOVE = YES;
				CLANG_WARN_UNGUARDED_AVAILABILITY = YES_AGGRESSIVE;
				CLANG_WARN_UNREACHABLE_CODE = YES;
				CLANG_WARN__DUPLICATE_METHOD_MATCH = YES;
				CODE_SIGN_IDENTITY = "iPhone Developer";
				COPY_PHASE_STRIP = NO;
				DEBUG_INFORMATION_FORMAT = "dwarf-with-dsym";
				ENABLE_NS_ASSERTIONS = NO;
				ENABLE_STRICT_OBJC_MSGSEND = YES;
				GCC_C_LANGUAGE_STANDARD = gnu11;
				GCC_NO_COMMON_BLOCKS = YES;
				GCC_WARN_64_TO_32_BIT_CONVERSION = YES;
				GCC_WARN_ABOUT_RETURN_TYPE = YES_ERROR;
				GCC_WARN_UNDECLARED_SELECTOR = YES;
				GCC_WARN_UNINITIALIZED_AUTOS = YES_AGGRESSIVE;
				GCC_WARN_UNUSED_FUNCTION = YES;
				GCC_WARN_UNUSED_VARIABLE = YES;
				IPHONEOS_DEPLOYMENT_TARGET = 11.2;
				MTL_ENABLE_DEBUG_INFO = NO;
				SDKROOT = iphoneos;
				SWIFT_OPTIMIZATION_LEVEL = "-Owholemodule";
				VALIDATE_PRODUCT = YES;
			};
			name = Release;
		};
		529D182020477B6500BD093F /* Debug */ = {
			isa = XCBuildConfiguration;
			buildSettings = {
				ASSETCATALOG_COMPILER_APPICON_NAME = AppIcon;
				CODE_SIGN_STYLE = Automatic;
				DEVELOPMENT_TEAM = TJE86NCKC8;
				INFOPLIST_FILE = selfigram/Info.plist;
				LD_RUNPATH_SEARCH_PATHS = "$(inherited) @executable_path/Frameworks";
				PRODUCT_BUNDLE_IDENTIFIER = com.luke.selfigram;
				PRODUCT_NAME = "$(TARGET_NAME)";
				SWIFT_VERSION = 4.0;
				TARGETED_DEVICE_FAMILY = "1,2";
			};
			name = Debug;
		};
		529D182120477B6500BD093F /* Release */ = {
			isa = XCBuildConfiguration;
			buildSettings = {
				ASSETCATALOG_COMPILER_APPICON_NAME = AppIcon;
				CODE_SIGN_STYLE = Automatic;
				DEVELOPMENT_TEAM = TJE86NCKC8;
				INFOPLIST_FILE = selfigram/Info.plist;
				LD_RUNPATH_SEARCH_PATHS = "$(inherited) @executable_path/Frameworks";
				PRODUCT_BUNDLE_IDENTIFIER = com.luke.selfigram;
				PRODUCT_NAME = "$(TARGET_NAME)";
				SWIFT_VERSION = 4.0;
				TARGETED_DEVICE_FAMILY = "1,2";
			};
			name = Release;
		};
		529D182320477B6500BD093F /* Debug */ = {
			isa = XCBuildConfiguration;
			buildSettings = {
				ALWAYS_EMBED_SWIFT_STANDARD_LIBRARIES = YES;
				BUNDLE_LOADER = "$(TEST_HOST)";
				CODE_SIGN_STYLE = Automatic;
				DEVELOPMENT_TEAM = TJE86NCKC8;
				INFOPLIST_FILE = selfigramTests/Info.plist;
				LD_RUNPATH_SEARCH_PATHS = "$(inherited) @executable_path/Frameworks @loader_path/Frameworks";
				PRODUCT_BUNDLE_IDENTIFIER = com.luke.selfigramTests;
				PRODUCT_NAME = "$(TARGET_NAME)";
				SWIFT_VERSION = 4.0;
				TARGETED_DEVICE_FAMILY = "1,2";
				TEST_HOST = "$(BUILT_PRODUCTS_DIR)/selfigram.app/selfigram";
			};
			name = Debug;
		};
		529D182420477B6500BD093F /* Release */ = {
			isa = XCBuildConfiguration;
			buildSettings = {
				ALWAYS_EMBED_SWIFT_STANDARD_LIBRARIES = YES;
				BUNDLE_LOADER = "$(TEST_HOST)";
				CODE_SIGN_STYLE = Automatic;
				DEVELOPMENT_TEAM = TJE86NCKC8;
				INFOPLIST_FILE = selfigramTests/Info.plist;
				LD_RUNPATH_SEARCH_PATHS = "$(inherited) @executable_path/Frameworks @loader_path/Frameworks";
				PRODUCT_BUNDLE_IDENTIFIER = com.luke.selfigramTests;
				PRODUCT_NAME = "$(TARGET_NAME)";
				SWIFT_VERSION = 4.0;
				TARGETED_DEVICE_FAMILY = "1,2";
				TEST_HOST = "$(BUILT_PRODUCTS_DIR)/selfigram.app/selfigram";
			};
			name = Release;
		};
		529D182620477B6500BD093F /* Debug */ = {
			isa = XCBuildConfiguration;
			buildSettings = {
				ALWAYS_EMBED_SWIFT_STANDARD_LIBRARIES = YES;
				CODE_SIGN_STYLE = Automatic;
				DEVELOPMENT_TEAM = TJE86NCKC8;
				INFOPLIST_FILE = selfigramUITests/Info.plist;
				LD_RUNPATH_SEARCH_PATHS = "$(inherited) @executable_path/Frameworks @loader_path/Frameworks";
				PRODUCT_BUNDLE_IDENTIFIER = com.luke.selfigramUITests;
				PRODUCT_NAME = "$(TARGET_NAME)";
				SWIFT_VERSION = 4.0;
				TARGETED_DEVICE_FAMILY = "1,2";
				TEST_TARGET_NAME = selfigram;
			};
			name = Debug;
		};
		529D182720477B6500BD093F /* Release */ = {
			isa = XCBuildConfiguration;
			buildSettings = {
				ALWAYS_EMBED_SWIFT_STANDARD_LIBRARIES = YES;
				CODE_SIGN_STYLE = Automatic;
				DEVELOPMENT_TEAM = TJE86NCKC8;
				INFOPLIST_FILE = selfigramUITests/Info.plist;
				LD_RUNPATH_SEARCH_PATHS = "$(inherited) @executable_path/Frameworks @loader_path/Frameworks";
				PRODUCT_BUNDLE_IDENTIFIER = com.luke.selfigramUITests;
				PRODUCT_NAME = "$(TARGET_NAME)";
				SWIFT_VERSION = 4.0;
				TARGETED_DEVICE_FAMILY = "1,2";
				TEST_TARGET_NAME = selfigram;
			};
			name = Release;
		};
/* End XCBuildConfiguration section */

/* Begin XCConfigurationList section */
		529D17F220477B6400BD093F /* Build configuration list for PBXProject "selfigram" */ = {
			isa = XCConfigurationList;
			buildConfigurations = (
				529D181D20477B6500BD093F /* Debug */,
				529D181E20477B6500BD093F /* Release */,
			);
			defaultConfigurationIsVisible = 0;
			defaultConfigurationName = Release;
		};
		529D181F20477B6500BD093F /* Build configuration list for PBXNativeTarget "selfigram" */ = {
			isa = XCConfigurationList;
			buildConfigurations = (
				529D182020477B6500BD093F /* Debug */,
				529D182120477B6500BD093F /* Release */,
			);
			defaultConfigurationIsVisible = 0;
			defaultConfigurationName = Release;
		};
		529D182220477B6500BD093F /* Build configuration list for PBXNativeTarget "selfigramTests" */ = {
			isa = XCConfigurationList;
			buildConfigurations = (
				529D182320477B6500BD093F /* Debug */,
				529D182420477B6500BD093F /* Release */,
			);
			defaultConfigurationIsVisible = 0;
			defaultConfigurationName = Release;
		};
		529D182520477B6500BD093F /* Build configuration list for PBXNativeTarget "selfigramUITests" */ = {
			isa = XCConfigurationList;
			buildConfigurations = (
				529D182620477B6500BD093F /* Debug */,
				529D182720477B6500BD093F /* Release */,
			);
			defaultConfigurationIsVisible = 0;
			defaultConfigurationName = Release;
		};
/* End XCConfigurationList section */
	};
	rootObject = 529D17EF20477B6400BD093F /* Project object */;
}
